
Microsoft Visual Studio Solution File, Format Version 12.00
# Visual Studio Version 17
VisualStudioVersion = 17.0.31903.59
MinimumVisualStudioVersion = 10.0.40219.1
Project("{FAE04EC0-301F-11D3-BF4B-00C04F79EFBC}") = "TechLibrary.Api", "TechLibrary.Api\TechLibrary.Api.csproj", "{7757FD80-BD5E-48A4-A735-60EBE11051B1}"
EndProject
Project("{FAE04EC0-301F-11D3-BF4B-00C04F79EFBC}") = "TechLibrary.Communication", "TechLibrary.Communication\TechLibrary.Communication.csproj", "{3426B6A2-7BD5-4B6E-904F-BF034141BECE}"
EndProject
Global
	GlobalSection(SolutionConfigurationPlatforms) = preSolution
		Debug|Any CPU = Debug|Any CPU
		Release|Any CPU = Release|Any CPU
	EndGlobalSection
	GlobalSection(SolutionProperties) = preSolution
		HideSolutionNode = FALSE
	EndGlobalSection
	GlobalSection(ProjectConfigurationPlatforms) = postSolution
		{7757FD80-BD5E-48A4-A735-60EBE11051B1}.Debug|Any CPU.ActiveCfg = Debug|Any CPU
		{7757FD80-BD5E-48A4-A735-60EBE11051B1}.Debug|Any CPU.Build.0 = Debug|Any CPU
		{7757FD80-BD5E-48A4-A735-60EBE11051B1}.Release|Any CPU.ActiveCfg = Release|Any CPU
		{7757FD80-BD5E-48A4-A735-60EBE11051B1}.Release|Any CPU.Build.0 = Release|Any CPU
		{3426B6A2-7BD5-4B6E-904F-BF034141BECE}.Debug|Any CPU.ActiveCfg = Debug|Any CPU
		{3426B6A2-7BD5-4B6E-904F-BF034141BECE}.Debug|Any CPU.Build.0 = Debug|Any CPU
		{3426B6A2-7BD5-4B6E-904F-BF034141BECE}.Release|Any CPU.ActiveCfg = Release|Any CPU
		{3426B6A2-7BD5-4B6E-904F-BF034141BECE}.Release|Any CPU.Build.0 = Release|Any CPU
		{913DDB1E-710C-476B-943A-F6D55B258605}.Debug|Any CPU.ActiveCfg = Debug|Any CPU
		{913DDB1E-710C-476B-943A-F6D55B258605}.Debug|Any CPU.Build.0 = Debug|Any CPU
		{913DDB1E-710C-476B-943A-F6D55B258605}.Release|Any CPU.ActiveCfg = Release|Any CPU
		{913DDB1E-710C-476B-943A-F6D55B258605}.Release|Any CPU.Build.0 = Release|Any CPU
	EndGlobalSection
EndGlobal
